<?xml version="1.0" encoding="utf-8"?>
<Project ToolsVersion="4.0" xmlns="http://schemas.microsoft.com/developer/msbuild/2003">
  <ItemGroup>
    <Filter Include="Source Files">
      <UniqueIdentifier>{4FC737F1-C7A5-4376-A066-2A32D752A2FF}</UniqueIdentifier>
      <Extensions>cpp;c;cc;cxx;def;odl;idl;hpj;bat;asm;asmx</Extensions>
    </Filter>
    <Filter Include="Source Files\Classes">
      <UniqueIdentifier>{bf904efb-37c8-4a30-bc2c-40df1b2532d8}</UniqueIdentifier>
    </Filter>
    <Filter Include="Source Files\Classes\Framework">
      <UniqueIdentifier>{38af5c8b-1f99-425e-a26f-eefa20a1d939}</UniqueIdentifier>
    </Filter>
    <Filter Include="Source Files\Classes\TurboNet">
      <UniqueIdentifier>{4ad90b49-8754-42a8-86d0-ad80a6b73aec}</UniqueIdentifier>
    </Filter>
  </ItemGroup>
  <ItemGroup>
    <None Include="ReadMe.txt" />
  </ItemGroup>
  <ItemGroup>
    <ClInclude Include="..\Classes\Framework\NullPtr.h">
      <Filter>Source Files\Classes\Framework</Filter>
    </ClInclude>
    <ClInclude Include="..\Classes\Framework\TurboNet.h">
      <Filter>Source Files\Classes\Framework</Filter>
    </ClInclude>
    <ClInclude Include="..\Classes\TurboNet\TurboServer.h">
      <Filter>Source Files\Classes\TurboNet</Filter>
    </ClInclude>
    <ClInclude Include="..\Classes\TurboNet\TurboPeer.h">
      <Filter>Source Files\Classes\TurboNet</Filter>
    </ClInclude>
    <ClInclude Include="..\Classes\TurboNet\TurboClient.h">
      <Filter>Source Files\Classes\TurboNet</Filter>
    </ClInclude>
  </ItemGroup>
  <ItemGroup>
    <ClCompile Include="..\Classes\TurboNet\TurboServer.cpp">
      <Filter>Source Files\Classes\TurboNet</Filter>
    </ClCompile>
    <ClCompile Include="..\Classes\TurboNet\TurboPeer.cpp">
      <Filter>Source Files\Classes\TurboNet</Filter>
    </ClCompile>
    <ClCompile Include="..\Classes\TurboNet\TurboClient.cpp">
      <Filter>Source Files\Classes\TurboNet</Filter>
    </ClCompile>
  </ItemGroup>
</Project>